
Microsoft Visual Studio Solution File, Format Version 12.00
# Visual Studio 14
VisualStudioVersion = 14.0.22512.0
MinimumVisualStudioVersion = 10.0.40219.1
Project("{FAE04EC0-301F-11D3-BF4B-00C04F79EFBC}") = "PortableBinding", "PortableBinding\PortableBinding.csproj", "{663638A6-BE57-4298-8D5C-DEF8B9708FB9}"
EndProject
Project("{FAE04EC0-301F-11D3-BF4B-00C04F79EFBC}") = "Model", "Model\Model.csproj", "{C368FCD7-6625-4121-9B2D-9724545E9490}"
EndProject
Project("{FAE04EC0-301F-11D3-BF4B-00C04F79EFBC}") = "ViewModel", "ViewModel\ViewModel.csproj", "{9DB4F87D-A0B1-4269-8AA6-EE7FA27FBBAE}"
EndProject
Project("{2150E333-8FDC-42A3-9474-1A3956D46DE8}") = "Solution Items", "Solution Items", "{E391CA4A-A78C-4215-943D-36F79969CC6D}"
	ProjectSection(SolutionItems) = preProject
		Settings.StyleCop = Settings.StyleCop
	EndProjectSection
EndProject
Global
	GlobalSection(SolutionConfigurationPlatforms) = preSolution
		Debug|Any CPU = Debug|Any CPU
		Release|Any CPU = Release|Any CPU
	EndGlobalSection
	GlobalSection(ProjectConfigurationPlatforms) = postSolution
		{663638A6-BE57-4298-8D5C-DEF8B9708FB9}.Debug|Any CPU.ActiveCfg = Debug|Any CPU
		{663638A6-BE57-4298-8D5C-DEF8B9708FB9}.Debug|Any CPU.Build.0 = Debug|Any CPU
		{663638A6-BE57-4298-8D5C-DEF8B9708FB9}.Release|Any CPU.ActiveCfg = Release|Any CPU
		{663638A6-BE57-4298-8D5C-DEF8B9708FB9}.Release|Any CPU.Build.0 = Release|Any CPU
		{C368FCD7-6625-4121-9B2D-9724545E9490}.Debug|Any CPU.ActiveCfg = Debug|Any CPU
		{C368FCD7-6625-4121-9B2D-9724545E9490}.Debug|Any CPU.Build.0 = Debug|Any CPU
		{C368FCD7-6625-4121-9B2D-9724545E9490}.Release|Any CPU.ActiveCfg = Release|Any CPU
		{C368FCD7-6625-4121-9B2D-9724545E9490}.Release|Any CPU.Build.0 = Release|Any CPU
		{9DB4F87D-A0B1-4269-8AA6-EE7FA27FBBAE}.Debug|Any CPU.ActiveCfg = Debug|Any CPU
		{9DB4F87D-A0B1-4269-8AA6-EE7FA27FBBAE}.Debug|Any CPU.Build.0 = Debug|Any CPU
		{9DB4F87D-A0B1-4269-8AA6-EE7FA27FBBAE}.Release|Any CPU.ActiveCfg = Release|Any CPU
		{9DB4F87D-A0B1-4269-8AA6-EE7FA27FBBAE}.Release|Any CPU.Build.0 = Release|Any CPU
	EndGlobalSection
	GlobalSection(SolutionProperties) = preSolution
		HideSolutionNode = FALSE
	EndGlobalSection
	GlobalSection(MonoDevelopProperties) = preSolution
		StartupItem = PortableBinding\PortableBinding.csproj
		Policies = $0
		$0.TextStylePolicy = $1
		$1.FileWidth = 120
		$1.inheritsSet = VisualStudio
		$1.inheritsScope = text/plain
		$1.scope = text/x-csharp
		$0.CSharpFormattingPolicy = $2
		$2.PropertyBraceStyle = NextLine
		$2.PropertyGetBraceStyle = NextLine
		$2.PropertySetBraceStyle = NextLine
		$2.StatementBraceStyle = NextLine
		$2.ElseNewLinePlacement = NewLine
		$2.ElseIfNewLinePlacement = NewLine
		$2.CatchNewLinePlacement = NewLine
		$2.FinallyNewLinePlacement = NewLine
		$2.BeforeMethodDeclarationParentheses = False
		$2.BeforeMethodCallParentheses = False
		$2.BeforeConstructorDeclarationParentheses = False
		$2.BeforeDelegateDeclarationParentheses = False
		$2.AfterDelegateDeclarationParameterComma = True
		$2.NewParentheses = False
		$2.SpacesBeforeBrackets = False
		$2.inheritsSet = Mono
		$2.inheritsScope = text/x-csharp
		$2.scope = text/x-csharp
	EndGlobalSection
EndGlobal
